// !$*UTF8*$!
{
	archiveVersion = 1;
	classes = {
	};
	objectVersion = 51;
	objects = {

/* Begin PBXBuildFile section */
		6D0A322BEC27EC9E0BFFD1C7 /* Pods_ict_hack.framework in Frameworks */ = {isa = PBXBuildFile; fileRef = 7E8F14BEC24A6813FB74792E /* Pods_ict_hack.framework */; };
		BA55A1292645BA9D00681DF5 /* AppDelegate.swift in Sources */ = {isa = PBXBuildFile; fileRef = BA55A1282645BA9D00681DF5 /* AppDelegate.swift */; };
		BA55A12B2645BA9D00681DF5 /* SceneDelegate.swift in Sources */ = {isa = PBXBuildFile; fileRef = BA55A12A2645BA9D00681DF5 /* SceneDelegate.swift */; };
		BA55A1322645BA9F00681DF5 /* Assets.xcassets in Resources */ = {isa = PBXBuildFile; fileRef = BA55A1312645BA9F00681DF5 /* Assets.xcassets */; };
		BA55A1352645BA9F00681DF5 /* LaunchScreen.storyboard in Resources */ = {isa = PBXBuildFile; fileRef = BA55A1332645BA9F00681DF5 /* LaunchScreen.storyboard */; };
		BA55A1592646AC2700681DF5 /* MainTabBarController.swift in Sources */ = {isa = PBXBuildFile; fileRef = BA55A1582646AC2700681DF5 /* MainTabBarController.swift */; };
		BA55A15E2646ADC800681DF5 /* EventListViewController.swift in Sources */ = {isa = PBXBuildFile; fileRef = BA55A15D2646ADC800681DF5 /* EventListViewController.swift */; };
		BA55A1612646ADE800681DF5 /* AppImage.swift in Sources */ = {isa = PBXBuildFile; fileRef = BA55A1602646ADE800681DF5 /* AppImage.swift */; };
		BA55A1642646AEF900681DF5 /* EventCollectionViewCell.swift in Sources */ = {isa = PBXBuildFile; fileRef = BA55A1632646AEF900681DF5 /* EventCollectionViewCell.swift */; };
		BA55A16B2646BA1100681DF5 /* PostsListViewController.swift in Sources */ = {isa = PBXBuildFile; fileRef = BA55A16A2646BA1100681DF5 /* PostsListViewController.swift */; };
		BA55A1702646BA5900681DF5 /* PostCollectionCell.swift in Sources */ = {isa = PBXBuildFile; fileRef = BA55A16F2646BA5900681DF5 /* PostCollectionCell.swift */; };
		BA55A1762646BD7C00681DF5 /* AppColor.swift in Sources */ = {isa = PBXBuildFile; fileRef = BA55A1752646BD7C00681DF5 /* AppColor.swift */; };
		BA55A1792646C4BD00681DF5 /* PostDetailViewController.swift in Sources */ = {isa = PBXBuildFile; fileRef = BA55A1782646C4BD00681DF5 /* PostDetailViewController.swift */; };
		BA55A1822646E5B900681DF5 /* TagCollectionViewCell.swift in Sources */ = {isa = PBXBuildFile; fileRef = BA55A1812646E5B900681DF5 /* TagCollectionViewCell.swift */; };
		BA55A1852647E48F00681DF5 /* ProfileViewController.swift in Sources */ = {isa = PBXBuildFile; fileRef = BA55A1842647E48F00681DF5 /* ProfileViewController.swift */; };
		BA55A18A2647F09300681DF5 /* ProfileHeaderView.swift in Sources */ = {isa = PBXBuildFile; fileRef = BA55A1892647F09300681DF5 /* ProfileHeaderView.swift */; };
		BA55A18F2648038500681DF5 /* NetworkRequest.swift in Sources */ = {isa = PBXBuildFile; fileRef = BA55A18E2648038500681DF5 /* NetworkRequest.swift */; };
/* End PBXBuildFile section */

/* Begin PBXFileReference section */
		3A34F46006CE6D4CA2523E86 /* Pods-ict-hack.release.xcconfig */ = {isa = PBXFileReference; includeInIndex = 1; lastKnownFileType = text.xcconfig; name = "Pods-ict-hack.release.xcconfig"; path = "Target Support Files/Pods-ict-hack/Pods-ict-hack.release.xcconfig"; sourceTree = "<group>"; };
		7E8F14BEC24A6813FB74792E /* Pods_ict_hack.framework */ = {isa = PBXFileReference; explicitFileType = wrapper.framework; includeInIndex = 0; path = Pods_ict_hack.framework; sourceTree = BUILT_PRODUCTS_DIR; };
		9082B92916F8B7D99670561D /* Pods-ict-hack.debug.xcconfig */ = {isa = PBXFileReference; includeInIndex = 1; lastKnownFileType = text.xcconfig; name = "Pods-ict-hack.debug.xcconfig"; path = "Target Support Files/Pods-ict-hack/Pods-ict-hack.debug.xcconfig"; sourceTree = "<group>"; };
		BA55A1252645BA9D00681DF5 /* ict-hack.app */ = {isa = PBXFileReference; explicitFileType = wrapper.application; includeInIndex = 0; path = "ict-hack.app"; sourceTree = BUILT_PRODUCTS_DIR; };
		BA55A1282645BA9D00681DF5 /* AppDelegate.swift */ = {isa = PBXFileReference; lastKnownFileType = sourcecode.swift; path = AppDelegate.swift; sourceTree = "<group>"; };
		BA55A12A2645BA9D00681DF5 /* SceneDelegate.swift */ = {isa = PBXFileReference; lastKnownFileType = sourcecode.swift; path = SceneDelegate.swift; sourceTree = "<group>"; };
		BA55A1312645BA9F00681DF5 /* Assets.xcassets */ = {isa = PBXFileReference; lastKnownFileType = folder.assetcatalog; path = Assets.xcassets; sourceTree = "<group>"; };
		BA55A1342645BA9F00681DF5 /* Base */ = {isa = PBXFileReference; lastKnownFileType = file.storyboard; name = Base; path = Base.lproj/LaunchScreen.storyboard; sourceTree = "<group>"; };
		BA55A1362645BA9F00681DF5 /* Info.plist */ = {isa = PBXFileReference; lastKnownFileType = text.plist.xml; path = Info.plist; sourceTree = "<group>"; };
		BA55A1582646AC2700681DF5 /* MainTabBarController.swift */ = {isa = PBXFileReference; lastKnownFileType = sourcecode.swift; path = MainTabBarController.swift; sourceTree = "<group>"; };
		BA55A15D2646ADC800681DF5 /* EventListViewController.swift */ = {isa = PBXFileReference; lastKnownFileType = sourcecode.swift; path = EventListViewController.swift; sourceTree = "<group>"; };
		BA55A1602646ADE800681DF5 /* AppImage.swift */ = {isa = PBXFileReference; fileEncoding = 4; lastKnownFileType = sourcecode.swift; path = AppImage.swift; sourceTree = "<group>"; };
		BA55A1632646AEF900681DF5 /* EventCollectionViewCell.swift */ = {isa = PBXFileReference; lastKnownFileType = sourcecode.swift; path = EventCollectionViewCell.swift; sourceTree = "<group>"; };
		BA55A16A2646BA1100681DF5 /* PostsListViewController.swift */ = {isa = PBXFileReference; lastKnownFileType = sourcecode.swift; path = PostsListViewController.swift; sourceTree = "<group>"; };
		BA55A16F2646BA5900681DF5 /* PostCollectionCell.swift */ = {isa = PBXFileReference; lastKnownFileType = sourcecode.swift; path = PostCollectionCell.swift; sourceTree = "<group>"; };
		BA55A1752646BD7C00681DF5 /* AppColor.swift */ = {isa = PBXFileReference; lastKnownFileType = sourcecode.swift; path = AppColor.swift; sourceTree = "<group>"; };
		BA55A1782646C4BD00681DF5 /* PostDetailViewController.swift */ = {isa = PBXFileReference; lastKnownFileType = sourcecode.swift; path = PostDetailViewController.swift; sourceTree = "<group>"; };
		BA55A1812646E5B900681DF5 /* TagCollectionViewCell.swift */ = {isa = PBXFileReference; lastKnownFileType = sourcecode.swift; path = TagCollectionViewCell.swift; sourceTree = "<group>"; };
		BA55A1842647E48F00681DF5 /* ProfileViewController.swift */ = {isa = PBXFileReference; lastKnownFileType = sourcecode.swift; path = ProfileViewController.swift; sourceTree = "<group>"; };
		BA55A1892647F09300681DF5 /* ProfileHeaderView.swift */ = {isa = PBXFileReference; lastKnownFileType = sourcecode.swift; path = ProfileHeaderView.swift; sourceTree = "<group>"; };
		BA55A18E2648038500681DF5 /* NetworkRequest.swift */ = {isa = PBXFileReference; lastKnownFileType = sourcecode.swift; path = NetworkRequest.swift; sourceTree = "<group>"; };
/* End PBXFileReference section */

/* Begin PBXFrameworksBuildPhase section */
		BA55A1222645BA9D00681DF5 /* Frameworks */ = {
			isa = PBXFrameworksBuildPhase;
			buildActionMask = 2147483647;
			files = (
				6D0A322BEC27EC9E0BFFD1C7 /* Pods_ict_hack.framework in Frameworks */,
			);
			runOnlyForDeploymentPostprocessing = 0;
		};
/* End PBXFrameworksBuildPhase section */

/* Begin PBXGroup section */
		AA39CEF82E861159BDD5DE5A /* Pods */ = {
			isa = PBXGroup;
			children = (
				9082B92916F8B7D99670561D /* Pods-ict-hack.debug.xcconfig */,
				3A34F46006CE6D4CA2523E86 /* Pods-ict-hack.release.xcconfig */,
			);
			path = Pods;
			sourceTree = "<group>";
		};
		BA55A11C2645BA9D00681DF5 = {
			isa = PBXGroup;
			children = (
				BA55A1272645BA9D00681DF5 /* ict-hack */,
				BA55A1262645BA9D00681DF5 /* Products */,
				AA39CEF82E861159BDD5DE5A /* Pods */,
				E71C872C04B71BD9CC91A4AF /* Frameworks */,
			);
			sourceTree = "<group>";
		};
		BA55A1262645BA9D00681DF5 /* Products */ = {
			isa = PBXGroup;
			children = (
				BA55A1252645BA9D00681DF5 /* ict-hack.app */,
			);
			name = Products;
			sourceTree = "<group>";
		};
		BA55A1272645BA9D00681DF5 /* ict-hack */ = {
			isa = PBXGroup;
			children = (
				BA55A1282645BA9D00681DF5 /* AppDelegate.swift */,
				BA55A12A2645BA9D00681DF5 /* SceneDelegate.swift */,
				BA55A1602646ADE800681DF5 /* AppImage.swift */,
				BA55A1752646BD7C00681DF5 /* AppColor.swift */,
				BA55A18D2648036000681DF5 /* Services */,
				BA55A1872647E49400681DF5 /* Profile */,
				BA55A1802646E57900681DF5 /* Tags */,
				BA55A1692646B9FF00681DF5 /* Posts */,
				BA55A15C2646ADAC00681DF5 /* Events */,
				BA55A1572646AC1500681DF5 /* MainTabBar */,
				BA55A1312645BA9F00681DF5 /* Assets.xcassets */,
				BA55A1332645BA9F00681DF5 /* LaunchScreen.storyboard */,
				BA55A1362645BA9F00681DF5 /* Info.plist */,
			);
			path = "ict-hack";
			sourceTree = "<group>";
		};
		BA55A1572646AC1500681DF5 /* MainTabBar */ = {
			isa = PBXGroup;
			children = (
				BA55A1582646AC2700681DF5 /* MainTabBarController.swift */,
			);
			path = MainTabBar;
			sourceTree = "<group>";
		};
		BA55A15C2646ADAC00681DF5 /* Events */ = {
			isa = PBXGroup;
			children = (
				BA55A15D2646ADC800681DF5 /* EventListViewController.swift */,
				BA55A1632646AEF900681DF5 /* EventCollectionViewCell.swift */,
			);
			path = Events;
			sourceTree = "<group>";
		};
		BA55A1692646B9FF00681DF5 /* Posts */ = {
			isa = PBXGroup;
			children = (
				BA55A16A2646BA1100681DF5 /* PostsListViewController.swift */,
				BA55A16F2646BA5900681DF5 /* PostCollectionCell.swift */,
				BA55A1782646C4BD00681DF5 /* PostDetailViewController.swift */,
			);
			path = Posts;
			sourceTree = "<group>";
		};
		BA55A1802646E57900681DF5 /* Tags */ = {
			isa = PBXGroup;
			children = (
				BA55A1812646E5B900681DF5 /* TagCollectionViewCell.swift */,
			);
			path = Tags;
			sourceTree = "<group>";
		};
		BA55A1872647E49400681DF5 /* Profile */ = {
			isa = PBXGroup;
			children = (
				BA55A1842647E48F00681DF5 /* ProfileViewController.swift */,
				BA55A1892647F09300681DF5 /* ProfileHeaderView.swift */,
			);
			path = Profile;
			sourceTree = "<group>";
		};
		BA55A18D2648036000681DF5 /* Services */ = {
			isa = PBXGroup;
			children = (
				BA55A18E2648038500681DF5 /* NetworkRequest.swift */,
			);
			path = Services;
			sourceTree = "<group>";
		};
		E71C872C04B71BD9CC91A4AF /* Frameworks */ = {
			isa = PBXGroup;
			children = (
				7E8F14BEC24A6813FB74792E /* Pods_ict_hack.framework */,
			);
			name = Frameworks;
			sourceTree = "<group>";
		};
/* End PBXGroup section */

/* Begin PBXNativeTarget section */
		BA55A1242645BA9D00681DF5 /* ict-hack */ = {
			isa = PBXNativeTarget;
			buildConfigurationList = BA55A1392645BA9F00681DF5 /* Build configuration list for PBXNativeTarget "ict-hack" */;
			buildPhases = (
				7B3FDB3DE594F5E705D57798 /* [CP] Check Pods Manifest.lock */,
				BA55A1212645BA9D00681DF5 /* Sources */,
				BA55A1222645BA9D00681DF5 /* Frameworks */,
				BA55A1232645BA9D00681DF5 /* Resources */,
				78CCC27F08493CCE7DCB443F /* [CP] Embed Pods Frameworks */,
			);
			buildRules = (
			);
			dependencies = (
			);
			name = "ict-hack";
			productName = "ict-hack";
			productReference = BA55A1252645BA9D00681DF5 /* ict-hack.app */;
			productType = "com.apple.product-type.application";
		};
/* End PBXNativeTarget section */

/* Begin PBXProject section */
		BA55A11D2645BA9D00681DF5 /* Project object */ = {
			isa = PBXProject;
			attributes = {
				LastSwiftUpdateCheck = 1230;
				LastUpgradeCheck = 1230;
				TargetAttributes = {
					BA55A1242645BA9D00681DF5 = {
						CreatedOnToolsVersion = 12.3;
					};
				};
			};
			buildConfigurationList = BA55A1202645BA9D00681DF5 /* Build configuration list for PBXProject "ict-hack" */;
			compatibilityVersion = "Xcode 9.3";
			developmentRegion = en;
			hasScannedForEncodings = 0;
			knownRegions = (
				en,
				Base,
			);
			mainGroup = BA55A11C2645BA9D00681DF5;
			productRefGroup = BA55A1262645BA9D00681DF5 /* Products */;
			projectDirPath = "";
			projectRoot = "";
			targets = (
				BA55A1242645BA9D00681DF5 /* ict-hack */,
			);
		};
/* End PBXProject section */

/* Begin PBXResourcesBuildPhase section */
		BA55A1232645BA9D00681DF5 /* Resources */ = {
			isa = PBXResourcesBuildPhase;
			buildActionMask = 2147483647;
			files = (
				BA55A1352645BA9F00681DF5 /* LaunchScreen.storyboard in Resources */,
				BA55A1322645BA9F00681DF5 /* Assets.xcassets in Resources */,
			);
			runOnlyForDeploymentPostprocessing = 0;
		};
/* End PBXResourcesBuildPhase section */

/* Begin PBXShellScriptBuildPhase section */
		78CCC27F08493CCE7DCB443F /* [CP] Embed Pods Frameworks */ = {
			isa = PBXShellScriptBuildPhase;
			buildActionMask = 2147483647;
			files = (
			);
			inputFileListPaths = (
				"${PODS_ROOT}/Target Support Files/Pods-ict-hack/Pods-ict-hack-frameworks-${CONFIGURATION}-input-files.xcfilelist",
			);
			name = "[CP] Embed Pods Frameworks";
			outputFileListPaths = (
				"${PODS_ROOT}/Target Support Files/Pods-ict-hack/Pods-ict-hack-frameworks-${CONFIGURATION}-output-files.xcfilelist",
			);
			runOnlyForDeploymentPostprocessing = 0;
			shellPath = /bin/sh;
			shellScript = "\"${PODS_ROOT}/Target Support Files/Pods-ict-hack/Pods-ict-hack-frameworks.sh\"\n";
			showEnvVarsInLog = 0;
		};
		7B3FDB3DE594F5E705D57798 /* [CP] Check Pods Manifest.lock */ = {
			isa = PBXShellScriptBuildPhase;
			buildActionMask = 2147483647;
			files = (
			);
			inputFileListPaths = (
			);
			inputPaths = (
				"${PODS_PODFILE_DIR_PATH}/Podfile.lock",
				"${PODS_ROOT}/Manifest.lock",
			);
			name = "[CP] Check Pods Manifest.lock";
			outputFileListPaths = (
			);
			outputPaths = (
				"$(DERIVED_FILE_DIR)/Pods-ict-hack-checkManifestLockResult.txt",
			);
			runOnlyForDeploymentPostprocessing = 0;
			shellPath = /bin/sh;
			shellScript = "diff \"${PODS_PODFILE_DIR_PATH}/Podfile.lock\" \"${PODS_ROOT}/Manifest.lock\" > /dev/null\nif [ $? != 0 ] ; then\n    # print error to STDERR\n    echo \"error: The sandbox is not in sync with the Podfile.lock. Run 'pod install' or update your CocoaPods installation.\" >&2\n    exit 1\nfi\n# This output is used by Xcode 'outputs' to avoid re-running this script phase.\necho \"SUCCESS\" > \"${SCRIPT_OUTPUT_FILE_0}\"\n";
			showEnvVarsInLog = 0;
		};
/* End PBXShellScriptBuildPhase section */

/* Begin PBXSourcesBuildPhase section */
		BA55A1212645BA9D00681DF5 /* Sources */ = {
			isa = PBXSourcesBuildPhase;
			buildActionMask = 2147483647;
			files = (
				BA55A16B2646BA1100681DF5 /* PostsListViewController.swift in Sources */,
				BA55A1762646BD7C00681DF5 /* AppColor.swift in Sources */,
				BA55A1792646C4BD00681DF5 /* PostDetailViewController.swift in Sources */,
				BA55A18F2648038500681DF5 /* NetworkRequest.swift in Sources */,
				BA55A18A2647F09300681DF5 /* ProfileHeaderView.swift in Sources */,
				BA55A15E2646ADC800681DF5 /* EventListViewController.swift in Sources */,
				BA55A1642646AEF900681DF5 /* EventCollectionViewCell.swift in Sources */,
				BA55A1292645BA9D00681DF5 /* AppDelegate.swift in Sources */,
				BA55A1592646AC2700681DF5 /* MainTabBarController.swift in Sources */,
				BA55A1702646BA5900681DF5 /* PostCollectionCell.swift in Sources */,
				BA55A1822646E5B900681DF5 /* TagCollectionViewCell.swift in Sources */,
				BA55A1852647E48F00681DF5 /* ProfileViewController.swift in Sources */,
				BA55A12B2645BA9D00681DF5 /* SceneDelegate.swift in Sources */,
				BA55A1612646ADE800681DF5 /* AppImage.swift in Sources */,
			);
			runOnlyForDeploymentPostprocessing = 0;
		};
/* End PBXSourcesBuildPhase section */

/* Begin PBXVariantGroup section */
		BA55A1332645BA9F00681DF5 /* LaunchScreen.storyboard */ = {
			isa = PBXVariantGroup;
			children = (
				BA55A1342645BA9F00681DF5 /* Base */,
			);
			name = LaunchScreen.storyboard;
			sourceTree = "<group>";
		};
/* End PBXVariantGroup section */

/* Begin XCBuildConfiguration section */
		BA55A1372645BA9F00681DF5 /* Debug */ = {
			isa = XCBuildConfiguration;
			buildSettings = {
				ALWAYS_SEARCH_USER_PATHS = NO;
				CLANG_ANALYZER_NONNULL = YES;
				CLANG_ANALYZER_NUMBER_OBJECT_CONVERSION = YES_AGGRESSIVE;
				CLANG_CXX_LANGUAGE_STANDARD = "gnu++14";
				CLANG_CXX_LIBRARY = "libc++";
				CLANG_ENABLE_MODULES = YES;
				CLANG_ENABLE_OBJC_ARC = YES;
				CLANG_ENABLE_OBJC_WEAK = YES;
				CLANG_WARN_BLOCK_CAPTURE_AUTORELEASING = YES;
				CLANG_WARN_BOOL_CONVERSION = YES;
				CLANG_WARN_COMMA = YES;
				CLANG_WARN_CONSTANT_CONVERSION = YES;
				CLANG_WARN_DEPRECATED_OBJC_IMPLEMENTATIONS = YES;
				CLANG_WARN_DIRECT_OBJC_ISA_USAGE = YES_ERROR;
				CLANG_WARN_DOCUMENTATION_COMMENTS = YES;
				CLANG_WARN_EMPTY_BODY = YES;
				CLANG_WARN_ENUM_CONVERSION = YES;
				CLANG_WARN_INFINITE_RECURSION = YES;
				CLANG_WARN_INT_CONVERSION = YES;
				CLANG_WARN_NON_LITERAL_NULL_CONVERSION = YES;
				CLANG_WARN_OBJC_IMPLICIT_RETAIN_SELF = YES;
				CLANG_WARN_OBJC_LITERAL_CONVERSION = YES;
				CLANG_WARN_OBJC_ROOT_CLASS = YES_ERROR;
				CLANG_WARN_QUOTED_INCLUDE_IN_FRAMEWORK_HEADER = YES;
				CLANG_WARN_RANGE_LOOP_ANALYSIS = YES;
				CLANG_WARN_STRICT_PROTOTYPES = YES;
				CLANG_WARN_SUSPICIOUS_MOVE = YES;
				CLANG_WARN_UNGUARDED_AVAILABILITY = YES_AGGRESSIVE;
				CLANG_WARN_UNREACHABLE_CODE = YES;
				CLANG_WARN__DUPLICATE_METHOD_MATCH = YES;
				COPY_PHASE_STRIP = NO;
				DEBUG_INFORMATION_FORMAT = dwarf;
				ENABLE_STRICT_OBJC_MSGSEND = YES;
				ENABLE_TESTABILITY = YES;
				GCC_C_LANGUAGE_STANDARD = gnu11;
				GCC_DYNAMIC_NO_PIC = NO;
				GCC_NO_COMMON_BLOCKS = YES;
				GCC_OPTIMIZATION_LEVEL = 0;
				GCC_PREPROCESSOR_DEFINITIONS = (
					"DEBUG=1",
					"$(inherited)",
				);
				GCC_WARN_64_TO_32_BIT_CONVERSION = YES;
				GCC_WARN_ABOUT_RETURN_TYPE = YES_ERROR;
				GCC_WARN_UNDECLARED_SELECTOR = YES;
				GCC_WARN_UNINITIALIZED_AUTOS = YES_AGGRESSIVE;
				GCC_WARN_UNUSED_FUNCTION = YES;
				GCC_WARN_UNUSED_VARIABLE = YES;
				IPHONEOS_DEPLOYMENT_TARGET = 14.3;
				MTL_ENABLE_DEBUG_INFO = INCLUDE_SOURCE;
				MTL_FAST_MATH = YES;
				ONLY_ACTIVE_ARCH = YES;
				SDKROOT = iphoneos;
				SWIFT_ACTIVE_COMPILATION_CONDITIONS = DEBUG;
				SWIFT_OPTIMIZATION_LEVEL = "-Onone";
			};
			name = Debug;
		};
		BA55A1382645BA9F00681DF5 /* Release */ = {
			isa = XCBuildConfiguration;
			buildSettings = {
				ALWAYS_SEARCH_USER_PATHS = NO;
				CLANG_ANALYZER_NONNULL = YES;
				CLANG_ANALYZER_NUMBER_OBJECT_CONVERSION = YES_AGGRESSIVE;
				CLANG_CXX_LANGUAGE_STANDARD = "gnu++14";
				CLANG_CXX_LIBRARY = "libc++";
				CLANG_ENABLE_MODULES = YES;
				CLANG_ENABLE_OBJC_ARC = YES;
				CLANG_ENABLE_OBJC_WEAK = YES;
				CLANG_WARN_BLOCK_CAPTURE_AUTORELEASING = YES;
				CLANG_WARN_BOOL_CONVERSION = YES;
				CLANG_WARN_COMMA = YES;
				CLANG_WARN_CONSTANT_CONVERSION = YES;
				CLANG_WARN_DEPRECATED_OBJC_IMPLEMENTATIONS = YES;
				CLANG_WARN_DIRECT_OBJC_ISA_USAGE = YES_ERROR;
				CLANG_WARN_DOCUMENTATION_COMMENTS = YES;
				CLANG_WARN_EMPTY_BODY = YES;
				CLANG_WARN_ENUM_CONVERSION = YES;
				CLANG_WARN_INFINITE_RECURSION = YES;
				CLANG_WARN_INT_CONVERSION = YES;
				CLANG_WARN_NON_LITERAL_NULL_CONVERSION = YES;
				CLANG_WARN_OBJC_IMPLICIT_RETAIN_SELF = YES;
				CLANG_WARN_OBJC_LITERAL_CONVERSION = YES;
				CLANG_WARN_OBJC_ROOT_CLASS = YES_ERROR;
				CLANG_WARN_QUOTED_INCLUDE_IN_FRAMEWORK_HEADER = YES;
				CLANG_WARN_RANGE_LOOP_ANALYSIS = YES;
				CLANG_WARN_STRICT_PROTOTYPES = YES;
				CLANG_WARN_SUSPICIOUS_MOVE = YES;
				CLANG_WARN_UNGUARDED_AVAILABILITY = YES_AGGRESSIVE;
				CLANG_WARN_UNREACHABLE_CODE = YES;
				CLANG_WARN__DUPLICATE_METHOD_MATCH = YES;
				COPY_PHASE_STRIP = NO;
				DEBUG_INFORMATION_FORMAT = "dwarf-with-dsym";
				ENABLE_NS_ASSERTIONS = NO;
				ENABLE_STRICT_OBJC_MSGSEND = YES;
				GCC_C_LANGUAGE_STANDARD = gnu11;
				GCC_NO_COMMON_BLOCKS = YES;
				GCC_WARN_64_TO_32_BIT_CONVERSION = YES;
				GCC_WARN_ABOUT_RETURN_TYPE = YES_ERROR;
				GCC_WARN_UNDECLARED_SELECTOR = YES;
				GCC_WARN_UNINITIALIZED_AUTOS = YES_AGGRESSIVE;
				GCC_WARN_UNUSED_FUNCTION = YES;
				GCC_WARN_UNUSED_VARIABLE = YES;
				IPHONEOS_DEPLOYMENT_TARGET = 14.3;
				MTL_ENABLE_DEBUG_INFO = NO;
				MTL_FAST_MATH = YES;
				SDKROOT = iphoneos;
				SWIFT_COMPILATION_MODE = wholemodule;
				SWIFT_OPTIMIZATION_LEVEL = "-O";
				VALIDATE_PRODUCT = YES;
			};
			name = Release;
		};
		BA55A13A2645BA9F00681DF5 /* Debug */ = {
			isa = XCBuildConfiguration;
			baseConfigurationReference = 9082B92916F8B7D99670561D /* Pods-ict-hack.debug.xcconfig */;
			buildSettings = {
				ASSETCATALOG_COMPILER_APPICON_NAME = AppIcon;
				ASSETCATALOG_COMPILER_GLOBAL_ACCENT_COLOR_NAME = AccentColor;
				CODE_SIGN_STYLE = Automatic;
				DEVELOPMENT_TEAM = 9N36M22CA6;
				INFOPLIST_FILE = "ict-hack/Info.plist";
				LD_RUNPATH_SEARCH_PATHS = (
					"$(inherited)",
					"@executable_path/Frameworks",
				);
				PRODUCT_BUNDLE_IDENTIFIER = "com.matvey.borisov.ict-hack";
				PRODUCT_NAME = "$(TARGET_NAME)";
				SWIFT_VERSION = 5.0;
				TARGETED_DEVICE_FAMILY = "1,2";
			};
			name = Debug;
		};
		BA55A13B2645BA9F00681DF5 /* Release */ = {
			isa = XCBuildConfiguration;
			baseConfigurationReference = 3A34F46006CE6D4CA2523E86 /* Pods-ict-hack.release.xcconfig */;
			buildSettings = {
				ASSETCATALOG_COMPILER_APPICON_NAME = AppIcon;
				ASSETCATALOG_COMPILER_GLOBAL_ACCENT_COLOR_NAME = AccentColor;
				CODE_SIGN_STYLE = Automatic;
				DEVELOPMENT_TEAM = 9N36M22CA6;
				INFOPLIST_FILE = "ict-hack/Info.plist";
				LD_RUNPATH_SEARCH_PATHS = (
					"$(inherited)",
					"@executable_path/Frameworks",
				);
				PRODUCT_BUNDLE_IDENTIFIER = "com.matvey.borisov.ict-hack";
				PRODUCT_NAME = "$(TARGET_NAME)";
				SWIFT_VERSION = 5.0;
				TARGETED_DEVICE_FAMILY = "1,2";
			};
			name = Release;
		};
/* End XCBuildConfiguration section */

/* Begin XCConfigurationList section */
		BA55A1202645BA9D00681DF5 /* Build configuration list for PBXProject "ict-hack" */ = {
			isa = XCConfigurationList;
			buildConfigurations = (
				BA55A1372645BA9F00681DF5 /* Debug */,
				BA55A1382645BA9F00681DF5 /* Release */,
			);
			defaultConfigurationIsVisible = 0;
			defaultConfigurationName = Release;
		};
		BA55A1392645BA9F00681DF5 /* Build configuration list for PBXNativeTarget "ict-hack" */ = {
			isa = XCConfigurationList;
			buildConfigurations = (
				BA55A13A2645BA9F00681DF5 /* Debug */,
				BA55A13B2645BA9F00681DF5 /* Release */,
			);
			defaultConfigurationIsVisible = 0;
			defaultConfigurationName = Release;
		};
/* End XCConfigurationList section */
	};
	rootObject = BA55A11D2645BA9D00681DF5 /* Project object */;
}
